
Microsoft Visual Studio Solution File, Format Version 12.00
# Visual Studio 15
VisualStudioVersion = 15.0.27004.2005
MinimumVisualStudioVersion = 10.0.40219.1
Project("{9A19103F-16F7-4668-BE54-9A1E7A4F7556}") = "FinancialFormulas", "FinancialFormulas\FinancialFormulas.csproj", "{4E60A49A-834F-4972-A66C-4399E527FD57}"
EndProject
Project("{FAE04EC0-301F-11D3-BF4B-00C04F79EFBC}") = "UnitTest.FinancialFormulas", "Test\UnitTest.FinancialFormulas.csproj", "{F91F4C70-5638-425D-8F7E-930703301F51}"
EndProject
Global
	GlobalSection(SolutionConfigurationPlatforms) = preSolution
		Debug|Any CPU = Debug|Any CPU
		Release|Any CPU = Release|Any CPU
	EndGlobalSection
	GlobalSection(ProjectConfigurationPlatforms) = postSolution
		{4E60A49A-834F-4972-A66C-4399E527FD57}.Debug|Any CPU.ActiveCfg = Debug|Any CPU
		{4E60A49A-834F-4972-A66C-4399E527FD57}.Debug|Any CPU.Build.0 = Debug|Any CPU
		{4E60A49A-834F-4972-A66C-4399E527FD57}.Release|Any CPU.ActiveCfg = Release|Any CPU
		{4E60A49A-834F-4972-A66C-4399E527FD57}.Release|Any CPU.Build.0 = Release|Any CPU
		{F91F4C70-5638-425D-8F7E-930703301F51}.Debug|Any CPU.ActiveCfg = Debug|Any CPU
		{F91F4C70-5638-425D-8F7E-930703301F51}.Debug|Any CPU.Build.0 = Debug|Any CPU
		{F91F4C70-5638-425D-8F7E-930703301F51}.Release|Any CPU.ActiveCfg = Release|Any CPU
		{F91F4C70-5638-425D-8F7E-930703301F51}.Release|Any CPU.Build.0 = Release|Any CPU
	EndGlobalSection
	GlobalSection(SolutionProperties) = preSolution
		HideSolutionNode = FALSE
	EndGlobalSection
	GlobalSection(ExtensibilityGlobals) = postSolution
		SolutionGuid = {D76A9A7D-98AB-45E8-987B-D4774BFCF4C6}
	EndGlobalSection
EndGlobal
